
Microsoft Visual Studio Solution File, Format Version 12.00
# Visual Studio Version 16
VisualStudioVersion = 16.0.30204.135
MinimumVisualStudioVersion = 10.0.40219.1
Project("{FAE04EC0-301F-11D3-BF4B-00C04F79EFBC}") = "LiveCodingEmployer.Android", "LiveCodingEmployer\LiveCodingEmployer.Android\LiveCodingEmployer.Android.csproj", "{155CC8C9-C1B7-4352-8FD7-29C92E733567}"
EndProject
Project("{9A19103F-16F7-4668-BE54-9A1E7A4F7556}") = "LiveCodingEmployer", "LiveCodingEmployer\LiveCodingEmployer\LiveCodingEmployer.csproj", "{0ECF1387-212E-4C54-8693-2D0BADF41FD0}"
EndProject
Project("{FAE04EC0-301F-11D3-BF4B-00C04F79EFBC}") = "Live.Caqui.Model", "Live.Caqui.Model\Live.Caqui.Model.csproj", "{17EE6EFA-A298-46AE-BCD2-24269ECA83E0}"
EndProject
Project("{FAE04EC0-301F-11D3-BF4B-00C04F79EFBC}") = "Live.Caqui.Consumption", "Live.Caqui.Consumption\Live.Caqui.Consumption.csproj", "{CBED4344-1E6F-4479-8748-D22E7E45517E}"
EndProject
Global
	GlobalSection(SolutionConfigurationPlatforms) = preSolution
		Debug|Any CPU = Debug|Any CPU
		Release|Any CPU = Release|Any CPU
	EndGlobalSection
	GlobalSection(ProjectConfigurationPlatforms) = postSolution
		{155CC8C9-C1B7-4352-8FD7-29C92E733567}.Debug|Any CPU.ActiveCfg = Debug|Any CPU
		{155CC8C9-C1B7-4352-8FD7-29C92E733567}.Debug|Any CPU.Build.0 = Debug|Any CPU
		{155CC8C9-C1B7-4352-8FD7-29C92E733567}.Debug|Any CPU.Deploy.0 = Debug|Any CPU
		{155CC8C9-C1B7-4352-8FD7-29C92E733567}.Release|Any CPU.ActiveCfg = Release|Any CPU
		{155CC8C9-C1B7-4352-8FD7-29C92E733567}.Release|Any CPU.Build.0 = Release|Any CPU
		{155CC8C9-C1B7-4352-8FD7-29C92E733567}.Release|Any CPU.Deploy.0 = Release|Any CPU
		{0ECF1387-212E-4C54-8693-2D0BADF41FD0}.Debug|Any CPU.ActiveCfg = Debug|Any CPU
		{0ECF1387-212E-4C54-8693-2D0BADF41FD0}.Debug|Any CPU.Build.0 = Debug|Any CPU
		{0ECF1387-212E-4C54-8693-2D0BADF41FD0}.Debug|Any CPU.Deploy.0 = Debug|Any CPU
		{0ECF1387-212E-4C54-8693-2D0BADF41FD0}.Release|Any CPU.ActiveCfg = Release|Any CPU
		{0ECF1387-212E-4C54-8693-2D0BADF41FD0}.Release|Any CPU.Build.0 = Release|Any CPU
		{0ECF1387-212E-4C54-8693-2D0BADF41FD0}.Release|Any CPU.Deploy.0 = Release|Any CPU
		{17EE6EFA-A298-46AE-BCD2-24269ECA83E0}.Debug|Any CPU.ActiveCfg = Debug|Any CPU
		{17EE6EFA-A298-46AE-BCD2-24269ECA83E0}.Debug|Any CPU.Build.0 = Debug|Any CPU
		{17EE6EFA-A298-46AE-BCD2-24269ECA83E0}.Release|Any CPU.ActiveCfg = Release|Any CPU
		{17EE6EFA-A298-46AE-BCD2-24269ECA83E0}.Release|Any CPU.Build.0 = Release|Any CPU
		{CBED4344-1E6F-4479-8748-D22E7E45517E}.Debug|Any CPU.ActiveCfg = Debug|Any CPU
		{CBED4344-1E6F-4479-8748-D22E7E45517E}.Debug|Any CPU.Build.0 = Debug|Any CPU
		{CBED4344-1E6F-4479-8748-D22E7E45517E}.Release|Any CPU.ActiveCfg = Release|Any CPU
		{CBED4344-1E6F-4479-8748-D22E7E45517E}.Release|Any CPU.Build.0 = Release|Any CPU
	EndGlobalSection
	GlobalSection(SolutionProperties) = preSolution
		HideSolutionNode = FALSE
	EndGlobalSection
	GlobalSection(ExtensibilityGlobals) = postSolution
		SolutionGuid = {4B54E2F8-5B8E-4421-9F61-7D3F75CE17E4}
	EndGlobalSection
EndGlobal
